PODS:
  - OCHamcrest (4.3.0)
  - OCMockito (2.0.1):
    - OCHamcrest (~> 4.0)
  - ReactiveCocoa (2.5):
    - ReactiveCocoa/UI (= 2.5)
  - ReactiveCocoa/Core (2.5):
    - ReactiveCocoa/no-arc
  - ReactiveCocoa/no-arc (2.5)
  - ReactiveCocoa/UI (2.5):
    - ReactiveCocoa/Core
  - ReactiveCouchbaseLite (1.0.55):
    - ReactiveCouchbaseLite/Core (= 1.0.55)
  - ReactiveCouchbaseLite/Core (1.0.55):
    - ReactiveCocoa (~> 2.5)

DEPENDENCIES:
  - OCHamcrest
  - OCMockito
  - ReactiveCocoa (~> 2.5)
  - ReactiveCouchbaseLite (from `.`)

EXTERNAL SOURCES:
  ReactiveCouchbaseLite:
    :path: .

SPEC CHECKSUMS:
  OCHamcrest: cd63d27f48a266d4412c0b295b01b8f0940efa81
  OCMockito: f92ad4c6fac2841a88558879cfe517c40aebf91e
  ReactiveCocoa: e2db045570aa97c695e7aa97c2bcab222ae51f4a
  ReactiveCouchbaseLite: ad45efbc6048193490ef35410aae687cbe1162ab

COCOAPODS: 0.39.0
